{
  "pins" : [
    {
      "identity" : "markdownview",
      "kind" : "remoteSourceControl",
      "location" : "https://github.com/keitaoouchi/MarkdownView",
      "state" : {
        "branch" : "master",
        "revision" : "5e62a27f1002cd63c350ef1a4c640ddcd1f1ed48"
      }
    }
  ],
  "version" : 2
}
